// !$*UTF8*$!
{
	archiveVersion = 1;
	classes = {
	};
	objectVersion = 46;
	objects = {

/* Begin PBXBuildFile section */
		7591213C1B8F71B800B7110B /* MovieListViewController.swift in Sources */ = {isa = PBXBuildFile; fileRef = 7591213B1B8F71B800B7110B /* MovieListViewController.swift */; settings = {ASSET_TAGS = (); }; };
		7591213E1B8F806A00B7110B /* Movie.swift in Sources */ = {isa = PBXBuildFile; fileRef = 7591213D1B8F806A00B7110B /* Movie.swift */; settings = {ASSET_TAGS = (); }; };
		759121411B8F849D00B7110B /* MovieListDataSource.swift in Sources */ = {isa = PBXBuildFile; fileRef = 759121401B8F849D00B7110B /* MovieListDataSource.swift */; settings = {ASSET_TAGS = (); }; };
		759121441B8F858800B7110B /* MovieCollectionViewCell.swift in Sources */ = {isa = PBXBuildFile; fileRef = 759121421B8F858800B7110B /* MovieCollectionViewCell.swift */; settings = {ASSET_TAGS = (); }; };
		759121451B8F858800B7110B /* MovieCollectionViewCell.xib in Resources */ = {isa = PBXBuildFile; fileRef = 759121431B8F858800B7110B /* MovieCollectionViewCell.xib */; settings = {ASSET_TAGS = (); }; };
		75F06E721B8F53B900F154C4 /* AppDelegate.swift in Sources */ = {isa = PBXBuildFile; fileRef = 75F06E711B8F53B900F154C4 /* AppDelegate.swift */; };
		75F06E771B8F53B900F154C4 /* Main.storyboard in Resources */ = {isa = PBXBuildFile; fileRef = 75F06E751B8F53B900F154C4 /* Main.storyboard */; };
		75F06E791B8F53B900F154C4 /* Assets.xcassets in Resources */ = {isa = PBXBuildFile; fileRef = 75F06E781B8F53B900F154C4 /* Assets.xcassets */; };
		75F06E7C1B8F53B900F154C4 /* LaunchScreen.storyboard in Resources */ = {isa = PBXBuildFile; fileRef = 75F06E7A1B8F53B900F154C4 /* LaunchScreen.storyboard */; };
		75F06E871B8F53B900F154C4 /* Movie_Me_MineTests.swift in Sources */ = {isa = PBXBuildFile; fileRef = 75F06E861B8F53B900F154C4 /* Movie_Me_MineTests.swift */; };
		75F06E921B8F53B900F154C4 /* Movie_Me_MineUITests.swift in Sources */ = {isa = PBXBuildFile; fileRef = 75F06E911B8F53B900F154C4 /* Movie_Me_MineUITests.swift */; };
		75F06EA61B8F5AFD00F154C4 /* MovieDatabaseAPI.swift in Sources */ = {isa = PBXBuildFile; fileRef = 75F06EA51B8F5AFD00F154C4 /* MovieDatabaseAPI.swift */; settings = {ASSET_TAGS = (); }; };
		75F06EAA1B8F5E9600F154C4 /* Cartfile in Resources */ = {isa = PBXBuildFile; fileRef = 75F06EA91B8F5E9600F154C4 /* Cartfile */; settings = {ASSET_TAGS = (); }; };
		75F06EAE1B8F5EA600F154C4 /* SwiftyJSON.framework in Frameworks */ = {isa = PBXBuildFile; fileRef = 75F06EAC1B8F5EA600F154C4 /* SwiftyJSON.framework */; settings = {ASSET_TAGS = (); }; };
		75F06EAF1B8F5EA700F154C4 /* SwiftyJSON.framework.dSYM in Resources */ = {isa = PBXBuildFile; fileRef = 75F06EAD1B8F5EA600F154C4 /* SwiftyJSON.framework.dSYM */; settings = {ASSET_TAGS = (); }; };
		75F06EB11B8F5EB300F154C4 /* SwiftyJSON.framework in Embed Frameworks */ = {isa = PBXBuildFile; fileRef = 75F06EAC1B8F5EA600F154C4 /* SwiftyJSON.framework */; settings = {ATTRIBUTES = (CodeSignOnCopy, RemoveHeadersOnCopy, ); }; };
		75F06EB41B8F65E700F154C4 /* Configuration.swift in Sources */ = {isa = PBXBuildFile; fileRef = 75F06EB31B8F65E700F154C4 /* Configuration.swift */; settings = {ASSET_TAGS = (); }; };
/* End PBXBuildFile section */

/* Begin PBXContainerItemProxy section */
		75F06E831B8F53B900F154C4 /* PBXContainerItemProxy */ = {
			isa = PBXContainerItemProxy;
			containerPortal = 75F06E661B8F53B900F154C4 /* Project object */;
			proxyType = 1;
			remoteGlobalIDString = 75F06E6D1B8F53B900F154C4;
			remoteInfo = "Movie Me Mine";
		};
		75F06E8E1B8F53B900F154C4 /* PBXContainerItemProxy */ = {
			isa = PBXContainerItemProxy;
			containerPortal = 75F06E661B8F53B900F154C4 /* Project object */;
			proxyType = 1;
			remoteGlobalIDString = 75F06E6D1B8F53B900F154C4;
			remoteInfo = "Movie Me Mine";
		};
/* End PBXContainerItemProxy section */

/* Begin PBXCopyFilesBuildPhase section */
		75F06EB21B8F5EB300F154C4 /* Embed Frameworks */ = {
			isa = PBXCopyFilesBuildPhase;
			buildActionMask = 2147483647;
			dstPath = "";
			dstSubfolderSpec = 10;
			files = (
				75F06EB11B8F5EB300F154C4 /* SwiftyJSON.framework in Embed Frameworks */,
			);
			name = "Embed Frameworks";
			runOnlyForDeploymentPostprocessing = 0;
		};
/* End PBXCopyFilesBuildPhase section */

/* Begin PBXFileReference section */
		7591213B1B8F71B800B7110B /* MovieListViewController.swift */ = {isa = PBXFileReference; fileEncoding = 4; lastKnownFileType = sourcecode.swift; path = MovieListViewController.swift; sourceTree = "<group>"; };
		7591213D1B8F806A00B7110B /* Movie.swift */ = {isa = PBXFileReference; fileEncoding = 4; lastKnownFileType = sourcecode.swift; path = Movie.swift; sourceTree = "<group>"; };
		759121401B8F849D00B7110B /* MovieListDataSource.swift */ = {isa = PBXFileReference; fileEncoding = 4; lastKnownFileType = sourcecode.swift; lineEnding = 0; path = MovieListDataSource.swift; sourceTree = "<group>"; xcLanguageSpecificationIdentifier = xcode.lang.swift; };
		759121421B8F858800B7110B /* MovieCollectionViewCell.swift */ = {isa = PBXFileReference; fileEncoding = 4; lastKnownFileType = sourcecode.swift; lineEnding = 0; path = MovieCollectionViewCell.swift; sourceTree = "<group>"; xcLanguageSpecificationIdentifier = xcode.lang.swift; };
		759121431B8F858800B7110B /* MovieCollectionViewCell.xib */ = {isa = PBXFileReference; fileEncoding = 4; lastKnownFileType = file.xib; path = MovieCollectionViewCell.xib; sourceTree = "<group>"; };
		75F06E6E1B8F53B900F154C4 /* Movie Me Mine.app */ = {isa = PBXFileReference; explicitFileType = wrapper.application; includeInIndex = 0; path = "Movie Me Mine.app"; sourceTree = BUILT_PRODUCTS_DIR; };
		75F06E711B8F53B900F154C4 /* AppDelegate.swift */ = {isa = PBXFileReference; lastKnownFileType = sourcecode.swift; path = AppDelegate.swift; sourceTree = "<group>"; };
		75F06E761B8F53B900F154C4 /* Base */ = {isa = PBXFileReference; lastKnownFileType = file.storyboard; name = Base; path = Base.lproj/Main.storyboard; sourceTree = "<group>"; };
		75F06E781B8F53B900F154C4 /* Assets.xcassets */ = {isa = PBXFileReference; lastKnownFileType = folder.assetcatalog; path = Assets.xcassets; sourceTree = "<group>"; };
		75F06E7B1B8F53B900F154C4 /* Base */ = {isa = PBXFileReference; lastKnownFileType = file.storyboard; name = Base; path = Base.lproj/LaunchScreen.storyboard; sourceTree = "<group>"; };
		75F06E7D1B8F53B900F154C4 /* Info.plist */ = {isa = PBXFileReference; lastKnownFileType = text.plist.xml; path = Info.plist; sourceTree = "<group>"; };
		75F06E821B8F53B900F154C4 /* Movie Me MineTests.xctest */ = {isa = PBXFileReference; explicitFileType = wrapper.cfbundle; includeInIndex = 0; path = "Movie Me MineTests.xctest"; sourceTree = BUILT_PRODUCTS_DIR; };
		75F06E861B8F53B900F154C4 /* Movie_Me_MineTests.swift */ = {isa = PBXFileReference; lastKnownFileType = sourcecode.swift; path = Movie_Me_MineTests.swift; sourceTree = "<group>"; };
		75F06E881B8F53B900F154C4 /* Info.plist */ = {isa = PBXFileReference; lastKnownFileType = text.plist.xml; path = Info.plist; sourceTree = "<group>"; };
		75F06E8D1B8F53B900F154C4 /* Movie Me MineUITests.xctest */ = {isa = PBXFileReference; explicitFileType = wrapper.cfbundle; includeInIndex = 0; path = "Movie Me MineUITests.xctest"; sourceTree = BUILT_PRODUCTS_DIR; };
		75F06E911B8F53B900F154C4 /* Movie_Me_MineUITests.swift */ = {isa = PBXFileReference; lastKnownFileType = sourcecode.swift; path = Movie_Me_MineUITests.swift; sourceTree = "<group>"; };
		75F06E931B8F53B900F154C4 /* Info.plist */ = {isa = PBXFileReference; lastKnownFileType = text.plist.xml; path = Info.plist; sourceTree = "<group>"; };
		75F06EA51B8F5AFD00F154C4 /* MovieDatabaseAPI.swift */ = {isa = PBXFileReference; fileEncoding = 4; lastKnownFileType = sourcecode.swift; path = MovieDatabaseAPI.swift; sourceTree = "<group>"; };
		75F06EA91B8F5E9600F154C4 /* Cartfile */ = {isa = PBXFileReference; fileEncoding = 4; lastKnownFileType = text; path = Cartfile; sourceTree = "<group>"; };
		75F06EAC1B8F5EA600F154C4 /* SwiftyJSON.framework */ = {isa = PBXFileReference; lastKnownFileType = wrapper.framework; path = SwiftyJSON.framework; sourceTree = "<group>"; };
		75F06EAD1B8F5EA600F154C4 /* SwiftyJSON.framework.dSYM */ = {isa = PBXFileReference; lastKnownFileType = wrapper.dsym; path = SwiftyJSON.framework.dSYM; sourceTree = "<group>"; };
		75F06EB31B8F65E700F154C4 /* Configuration.swift */ = {isa = PBXFileReference; fileEncoding = 4; lastKnownFileType = sourcecode.swift; path = Configuration.swift; sourceTree = "<group>"; };
/* End PBXFileReference section */

/* Begin PBXFrameworksBuildPhase section */
		75F06E6B1B8F53B900F154C4 /* Frameworks */ = {
			isa = PBXFrameworksBuildPhase;
			buildActionMask = 2147483647;
			files = (
				75F06EAE1B8F5EA600F154C4 /* SwiftyJSON.framework in Frameworks */,
			);
			runOnlyForDeploymentPostprocessing = 0;
		};
		75F06E7F1B8F53B900F154C4 /* Frameworks */ = {
			isa = PBXFrameworksBuildPhase;
			buildActionMask = 2147483647;
			files = (
			);
			runOnlyForDeploymentPostprocessing = 0;
		};
		75F06E8A1B8F53B900F154C4 /* Frameworks */ = {
			isa = PBXFrameworksBuildPhase;
			buildActionMask = 2147483647;
			files = (
			);
			runOnlyForDeploymentPostprocessing = 0;
		};
/* End PBXFrameworksBuildPhase section */

/* Begin PBXGroup section */
		75F06E651B8F53B900F154C4 = {
			isa = PBXGroup;
			children = (
				75F06E701B8F53B900F154C4 /* Movie Me Mine */,
				75F06E851B8F53B900F154C4 /* Movie Me MineTests */,
				75F06E901B8F53B900F154C4 /* Movie Me MineUITests */,
				75F06EA71B8F5DBE00F154C4 /* Carthage */,
				75F06E6F1B8F53B900F154C4 /* Products */,
			);
			sourceTree = "<group>";
		};
		75F06E6F1B8F53B900F154C4 /* Products */ = {
			isa = PBXGroup;
			children = (
				75F06E6E1B8F53B900F154C4 /* Movie Me Mine.app */,
				75F06E821B8F53B900F154C4 /* Movie Me MineTests.xctest */,
				75F06E8D1B8F53B900F154C4 /* Movie Me MineUITests.xctest */,
			);
			name = Products;
			sourceTree = "<group>";
		};
		75F06E701B8F53B900F154C4 /* Movie Me Mine */ = {
			isa = PBXGroup;
			children = (
				75F06EA41B8F5AE600F154C4 /* Model */,
				75F06EA31B8F585500F154C4 /* Utility */,
				75F06EA21B8F584F00F154C4 /* Segues */,
				75F06EA11B8F584700F154C4 /* Views */,
				75F06EA01B8F584100F154C4 /* ViewModel */,
				75F06E9F1B8F583800F154C4 /* ViewControllers */,
				75F06E711B8F53B900F154C4 /* AppDelegate.swift */,
				75F06E751B8F53B900F154C4 /* Main.storyboard */,
				75F06E781B8F53B900F154C4 /* Assets.xcassets */,
				75F06E7A1B8F53B900F154C4 /* LaunchScreen.storyboard */,
				75F06E7D1B8F53B900F154C4 /* Info.plist */,
			);
			path = "Movie Me Mine";
			sourceTree = "<group>";
		};
		75F06E851B8F53B900F154C4 /* Movie Me MineTests */ = {
			isa = PBXGroup;
			children = (
				75F06E861B8F53B900F154C4 /* Movie_Me_MineTests.swift */,
				75F06E881B8F53B900F154C4 /* Info.plist */,
			);
			path = "Movie Me MineTests";
			sourceTree = "<group>";
		};
		75F06E901B8F53B900F154C4 /* Movie Me MineUITests */ = {
			isa = PBXGroup;
			children = (
				75F06E911B8F53B900F154C4 /* Movie_Me_MineUITests.swift */,
				75F06E931B8F53B900F154C4 /* Info.plist */,
			);
			path = "Movie Me MineUITests";
			sourceTree = "<group>";
		};
		75F06E9F1B8F583800F154C4 /* ViewControllers */ = {
			isa = PBXGroup;
			children = (
				7591213B1B8F71B800B7110B /* MovieListViewController.swift */,
			);
			name = ViewControllers;
			sourceTree = "<group>";
		};
		75F06EA01B8F584100F154C4 /* ViewModel */ = {
			isa = PBXGroup;
			children = (
				759121401B8F849D00B7110B /* MovieListDataSource.swift */,
			);
			name = ViewModel;
			sourceTree = "<group>";
		};
		75F06EA11B8F584700F154C4 /* Views */ = {
			isa = PBXGroup;
			children = (
				759121421B8F858800B7110B /* MovieCollectionViewCell.swift */,
				759121431B8F858800B7110B /* MovieCollectionViewCell.xib */,
			);
			name = Views;
			sourceTree = "<group>";
		};
		75F06EA21B8F584F00F154C4 /* Segues */ = {
			isa = PBXGroup;
			children = (
			);
			name = Segues;
			sourceTree = "<group>";
		};
		75F06EA31B8F585500F154C4 /* Utility */ = {
			isa = PBXGroup;
			children = (
			);
			name = Utility;
			sourceTree = "<group>";
		};
		75F06EA41B8F5AE600F154C4 /* Model */ = {
			isa = PBXGroup;
			children = (
				75F06EA51B8F5AFD00F154C4 /* MovieDatabaseAPI.swift */,
				75F06EB31B8F65E700F154C4 /* Configuration.swift */,
				7591213D1B8F806A00B7110B /* Movie.swift */,
			);
			name = Model;
			sourceTree = "<group>";
		};
		75F06EA71B8F5DBE00F154C4 /* Carthage */ = {
			isa = PBXGroup;
			children = (
				75F06EAB1B8F5EA600F154C4 /* iOS */,
				75F06EA91B8F5E9600F154C4 /* Cartfile */,
			);
			name = Carthage;
			sourceTree = "<group>";
		};
		75F06EAB1B8F5EA600F154C4 /* iOS */ = {
			isa = PBXGroup;
			children = (
				75F06EAC1B8F5EA600F154C4 /* SwiftyJSON.framework */,
				75F06EAD1B8F5EA600F154C4 /* SwiftyJSON.framework.dSYM */,
			);
			name = iOS;
			path = Carthage/Build/iOS;
			sourceTree = "<group>";
		};
/* End PBXGroup section */

/* Begin PBXNativeTarget section */
		75F06E6D1B8F53B900F154C4 /* Movie Me Mine */ = {
			isa = PBXNativeTarget;
			buildConfigurationList = 75F06E961B8F53B900F154C4 /* Build configuration list for PBXNativeTarget "Movie Me Mine" */;
			buildPhases = (
				75F06E6A1B8F53B900F154C4 /* Sources */,
				75F06E6B1B8F53B900F154C4 /* Frameworks */,
				75F06E6C1B8F53B900F154C4 /* Resources */,
				75F06EB21B8F5EB300F154C4 /* Embed Frameworks */,
				75F06EA81B8F5E4700F154C4 /* Copy Carthage */,
			);
			buildRules = (
			);
			dependencies = (
			);
			name = "Movie Me Mine";
			productName = "Movie Me Mine";
			productReference = 75F06E6E1B8F53B900F154C4 /* Movie Me Mine.app */;
			productType = "com.apple.product-type.application";
		};
		75F06E811B8F53B900F154C4 /* Movie Me MineTests */ = {
			isa = PBXNativeTarget;
			buildConfigurationList = 75F06E991B8F53B900F154C4 /* Build configuration list for PBXNativeTarget "Movie Me MineTests" */;
			buildPhases = (
				75F06E7E1B8F53B900F154C4 /* Sources */,
				75F06E7F1B8F53B900F154C4 /* Frameworks */,
				75F06E801B8F53B900F154C4 /* Resources */,
			);
			buildRules = (
			);
			dependencies = (
				75F06E841B8F53B900F154C4 /* PBXTargetDependency */,
			);
			name = "Movie Me MineTests";
			productName = "Movie Me MineTests";
			productReference = 75F06E821B8F53B900F154C4 /* Movie Me MineTests.xctest */;
			productType = "com.apple.product-type.bundle.unit-test";
		};
		75F06E8C1B8F53B900F154C4 /* Movie Me MineUITests */ = {
			isa = PBXNativeTarget;
			buildConfigurationList = 75F06E9C1B8F53B900F154C4 /* Build configuration list for PBXNativeTarget "Movie Me MineUITests" */;
			buildPhases = (
				75F06E891B8F53B900F154C4 /* Sources */,
				75F06E8A1B8F53B900F154C4 /* Frameworks */,
				75F06E8B1B8F53B900F154C4 /* Resources */,
			);
			buildRules = (
			);
			dependencies = (
				75F06E8F1B8F53B900F154C4 /* PBXTargetDependency */,
			);
			name = "Movie Me MineUITests";
			productName = "Movie Me MineUITests";
			productReference = 75F06E8D1B8F53B900F154C4 /* Movie Me MineUITests.xctest */;
			productType = "com.apple.product-type.bundle.ui-testing";
		};
/* End PBXNativeTarget section */

/* Begin PBXProject section */
		75F06E661B8F53B900F154C4 /* Project object */ = {
			isa = PBXProject;
			attributes = {
				LastUpgradeCheck = 0700;
				ORGANIZATIONNAME = Optoro;
				TargetAttributes = {
					75F06E6D1B8F53B900F154C4 = {
						CreatedOnToolsVersion = 7.0;
					};
					75F06E811B8F53B900F154C4 = {
						CreatedOnToolsVersion = 7.0;
						TestTargetID = 75F06E6D1B8F53B900F154C4;
					};
					75F06E8C1B8F53B900F154C4 = {
						CreatedOnToolsVersion = 7.0;
						TestTargetID = 75F06E6D1B8F53B900F154C4;
					};
				};
			};
			buildConfigurationList = 75F06E691B8F53B900F154C4 /* Build configuration list for PBXProject "Movie Me Mine" */;
			compatibilityVersion = "Xcode 3.2";
			developmentRegion = English;
			hasScannedForEncodings = 0;
			knownRegions = (
				en,
				Base,
			);
			mainGroup = 75F06E651B8F53B900F154C4;
			productRefGroup = 75F06E6F1B8F53B900F154C4 /* Products */;
			projectDirPath = "";
			projectRoot = "";
			targets = (
				75F06E6D1B8F53B900F154C4 /* Movie Me Mine */,
				75F06E811B8F53B900F154C4 /* Movie Me MineTests */,
				75F06E8C1B8F53B900F154C4 /* Movie Me MineUITests */,
			);
		};
/* End PBXProject section */

/* Begin PBXResourcesBuildPhase section */
		75F06E6C1B8F53B900F154C4 /* Resources */ = {
			isa = PBXResourcesBuildPhase;
			buildActionMask = 2147483647;
			files = (
				75F06E7C1B8F53B900F154C4 /* LaunchScreen.storyboard in Resources */,
				75F06EAF1B8F5EA700F154C4 /* SwiftyJSON.framework.dSYM in Resources */,
				75F06E791B8F53B900F154C4 /* Assets.xcassets in Resources */,
				75F06EAA1B8F5E9600F154C4 /* Cartfile in Resources */,
				75F06E771B8F53B900F154C4 /* Main.storyboard in Resources */,
				759121451B8F858800B7110B /* MovieCollectionViewCell.xib in Resources */,
			);
			runOnlyForDeploymentPostprocessing = 0;
		};
		75F06E801B8F53B900F154C4 /* Resources */ = {
			isa = PBXResourcesBuildPhase;
			buildActionMask = 2147483647;
			files = (
			);
			runOnlyForDeploymentPostprocessing = 0;
		};
		75F06E8B1B8F53B900F154C4 /* Resources */ = {
			isa = PBXResourcesBuildPhase;
			buildActionMask = 2147483647;
			files = (
			);
			runOnlyForDeploymentPostprocessing = 0;
		};
/* End PBXResourcesBuildPhase section */

/* Begin PBXShellScriptBuildPhase section */
		75F06EA81B8F5E4700F154C4 /* Copy Carthage */ = {
			isa = PBXShellScriptBuildPhase;
			buildActionMask = 2147483647;
			files = (
			);
			inputPaths = (
				"$(CARTHAGE_BUILD_IOS)/SwiftyJSON.framework",
			);
			name = "Copy Carthage";
			outputPaths = (
			);
			runOnlyForDeploymentPostprocessing = 0;
			shellPath = /bin/sh;
			shellScript = "/usr/local/bin/carthage copy-frameworks";
		};
/* End PBXShellScriptBuildPhase section */

/* Begin PBXSourcesBuildPhase section */
		75F06E6A1B8F53B900F154C4 /* Sources */ = {
			isa = PBXSourcesBuildPhase;
			buildActionMask = 2147483647;
			files = (
				75F06EB41B8F65E700F154C4 /* Configuration.swift in Sources */,
				75F06E721B8F53B900F154C4 /* AppDelegate.swift in Sources */,
				75F06EA61B8F5AFD00F154C4 /* MovieDatabaseAPI.swift in Sources */,
				7591213C1B8F71B800B7110B /* MovieListViewController.swift in Sources */,
				759121441B8F858800B7110B /* MovieCollectionViewCell.swift in Sources */,
				7591213E1B8F806A00B7110B /* Movie.swift in Sources */,
				759121411B8F849D00B7110B /* MovieListDataSource.swift in Sources */,
			);
			runOnlyForDeploymentPostprocessing = 0;
		};
		75F06E7E1B8F53B900F154C4 /* Sources */ = {
			isa = PBXSourcesBuildPhase;
			buildActionMask = 2147483647;
			files = (
				75F06E871B8F53B900F154C4 /* Movie_Me_MineTests.swift in Sources */,
			);
			runOnlyForDeploymentPostprocessing = 0;
		};
		75F06E891B8F53B900F154C4 /* Sources */ = {
			isa = PBXSourcesBuildPhase;
			buildActionMask = 2147483647;
			files = (
				75F06E921B8F53B900F154C4 /* Movie_Me_MineUITests.swift in Sources */,
			);
			runOnlyForDeploymentPostprocessing = 0;
		};
/* End PBXSourcesBuildPhase section */

/* Begin PBXTargetDependency section */
		75F06E841B8F53B900F154C4 /* PBXTargetDependency */ = {
			isa = PBXTargetDependency;
			target = 75F06E6D1B8F53B900F154C4 /* Movie Me Mine */;
			targetProxy = 75F06E831B8F53B900F154C4 /* PBXContainerItemProxy */;
		};
		75F06E8F1B8F53B900F154C4 /* PBXTargetDependency */ = {
			isa = PBXTargetDependency;
			target = 75F06E6D1B8F53B900F154C4 /* Movie Me Mine */;
			targetProxy = 75F06E8E1B8F53B900F154C4 /* PBXContainerItemProxy */;
		};
/* End PBXTargetDependency section */

/* Begin PBXVariantGroup section */
		75F06E751B8F53B900F154C4 /* Main.storyboard */ = {
			isa = PBXVariantGroup;
			children = (
				75F06E761B8F53B900F154C4 /* Base */,
			);
			name = Main.storyboard;
			sourceTree = "<group>";
		};
		75F06E7A1B8F53B900F154C4 /* LaunchScreen.storyboard */ = {
			isa = PBXVariantGroup;
			children = (
				75F06E7B1B8F53B900F154C4 /* Base */,
			);
			name = LaunchScreen.storyboard;
			sourceTree = "<group>";
		};
/* End PBXVariantGroup section */

/* Begin XCBuildConfiguration section */
		75F06E941B8F53B900F154C4 /* Debug */ = {
			isa = XCBuildConfiguration;
			buildSettings = {
				ALWAYS_SEARCH_USER_PATHS = NO;
				CLANG_CXX_LANGUAGE_STANDARD = "gnu++0x";
				CLANG_CXX_LIBRARY = "libc++";
				CLANG_ENABLE_MODULES = YES;
				CLANG_ENABLE_OBJC_ARC = YES;
				CLANG_WARN_BOOL_CONVERSION = YES;
				CLANG_WARN_CONSTANT_CONVERSION = YES;
				CLANG_WARN_DIRECT_OBJC_ISA_USAGE = YES_ERROR;
				CLANG_WARN_EMPTY_BODY = YES;
				CLANG_WARN_ENUM_CONVERSION = YES;
				CLANG_WARN_INT_CONVERSION = YES;
				CLANG_WARN_OBJC_ROOT_CLASS = YES_ERROR;
				CLANG_WARN_UNREACHABLE_CODE = YES;
				CLANG_WARN__DUPLICATE_METHOD_MATCH = YES;
				"CODE_SIGN_IDENTITY[sdk=iphoneos*]" = "iPhone Developer";
				COPY_PHASE_STRIP = NO;
				DEBUG_INFORMATION_FORMAT = dwarf;
				ENABLE_STRICT_OBJC_MSGSEND = YES;
				ENABLE_TESTABILITY = YES;
				GCC_C_LANGUAGE_STANDARD = gnu99;
				GCC_DYNAMIC_NO_PIC = NO;
				GCC_NO_COMMON_BLOCKS = YES;
				GCC_OPTIMIZATION_LEVEL = 0;
				GCC_PREPROCESSOR_DEFINITIONS = (
					"DEBUG=1",
					"$(inherited)",
				);
				GCC_WARN_64_TO_32_BIT_CONVERSION = YES;
				GCC_WARN_ABOUT_RETURN_TYPE = YES_ERROR;
				GCC_WARN_UNDECLARED_SELECTOR = YES;
				GCC_WARN_UNINITIALIZED_AUTOS = YES_AGGRESSIVE;
				GCC_WARN_UNUSED_FUNCTION = YES;
				GCC_WARN_UNUSED_VARIABLE = YES;
				IPHONEOS_DEPLOYMENT_TARGET = 9.0;
				MTL_ENABLE_DEBUG_INFO = YES;
				ONLY_ACTIVE_ARCH = YES;
				SDKROOT = iphoneos;
				SWIFT_OPTIMIZATION_LEVEL = "-Onone";
				TARGETED_DEVICE_FAMILY = 2;
			};
			name = Debug;
		};
		75F06E951B8F53B900F154C4 /* Release */ = {
			isa = XCBuildConfiguration;
			buildSettings = {
				ALWAYS_SEARCH_USER_PATHS = NO;
				CLANG_CXX_LANGUAGE_STANDARD = "gnu++0x";
				CLANG_CXX_LIBRARY = "libc++";
				CLANG_ENABLE_MODULES = YES;
				CLANG_ENABLE_OBJC_ARC = YES;
				CLANG_WARN_BOOL_CONVERSION = YES;
				CLANG_WARN_CONSTANT_CONVERSION = YES;
				CLANG_WARN_DIRECT_OBJC_ISA_USAGE = YES_ERROR;
				CLANG_WARN_EMPTY_BODY = YES;
				CLANG_WARN_ENUM_CONVERSION = YES;
				CLANG_WARN_INT_CONVERSION = YES;
				CLANG_WARN_OBJC_ROOT_CLASS = YES_ERROR;
				CLANG_WARN_UNREACHABLE_CODE = YES;
				CLANG_WARN__DUPLICATE_METHOD_MATCH = YES;
				"CODE_SIGN_IDENTITY[sdk=iphoneos*]" = "iPhone Developer";
				COPY_PHASE_STRIP = NO;
				DEBUG_INFORMATION_FORMAT = "dwarf-with-dsym";
				ENABLE_NS_ASSERTIONS = NO;
				ENABLE_STRICT_OBJC_MSGSEND = YES;
				GCC_C_LANGUAGE_STANDARD = gnu99;
				GCC_NO_COMMON_BLOCKS = YES;
				GCC_WARN_64_TO_32_BIT_CONVERSION = YES;
				GCC_WARN_ABOUT_RETURN_TYPE = YES_ERROR;
				GCC_WARN_UNDECLARED_SELECTOR = YES;
				GCC_WARN_UNINITIALIZED_AUTOS = YES_AGGRESSIVE;
				GCC_WARN_UNUSED_FUNCTION = YES;
				GCC_WARN_UNUSED_VARIABLE = YES;
				IPHONEOS_DEPLOYMENT_TARGET = 9.0;
				MTL_ENABLE_DEBUG_INFO = NO;
				SDKROOT = iphoneos;
				TARGETED_DEVICE_FAMILY = 2;
				VALIDATE_PRODUCT = YES;
			};
			name = Release;
		};
		75F06E971B8F53B900F154C4 /* Debug */ = {
			isa = XCBuildConfiguration;
			buildSettings = {
				ASSETCATALOG_COMPILER_APPICON_NAME = AppIcon;
				CARTHAGE_BUILD_IOS = "$(SRCROOT)/Carthage/Build/iOS/";
				FRAMEWORK_SEARCH_PATHS = (
					"$(inherited)",
					"$(PROJECT_DIR)/Carthage/Build/iOS",
				);
				INFOPLIST_FILE = "Movie Me Mine/Info.plist";
				LD_RUNPATH_SEARCH_PATHS = "$(inherited) @executable_path/Frameworks";
				PRODUCT_BUNDLE_IDENTIFIER = "com.optoro.Movie-Me-Mine";
				PRODUCT_NAME = "$(TARGET_NAME)";
			};
			name = Debug;
		};
		75F06E981B8F53B900F154C4 /* Release */ = {
			isa = XCBuildConfiguration;
			buildSettings = {
				ASSETCATALOG_COMPILER_APPICON_NAME = AppIcon;
				CARTHAGE_BUILD_IOS = "$(SRCROOT)/Carthage/Build/iOS/";
				FRAMEWORK_SEARCH_PATHS = (
					"$(inherited)",
					"$(PROJECT_DIR)/Carthage/Build/iOS",
				);
				INFOPLIST_FILE = "Movie Me Mine/Info.plist";
				LD_RUNPATH_SEARCH_PATHS = "$(inherited) @executable_path/Frameworks";
				PRODUCT_BUNDLE_IDENTIFIER = "com.optoro.Movie-Me-Mine";
				PRODUCT_NAME = "$(TARGET_NAME)";
			};
			name = Release;
		};
		75F06E9A1B8F53B900F154C4 /* Debug */ = {
			isa = XCBuildConfiguration;
			buildSettings = {
				BUNDLE_LOADER = "$(TEST_HOST)";
				INFOPLIST_FILE = "Movie Me MineTests/Info.plist";
				LD_RUNPATH_SEARCH_PATHS = "$(inherited) @executable_path/Frameworks @loader_path/Frameworks";
				PRODUCT_BUNDLE_IDENTIFIER = "com.optoro.Movie-Me-MineTests";
				PRODUCT_NAME = "$(TARGET_NAME)";
				TEST_HOST = "$(BUILT_PRODUCTS_DIR)/Movie Me Mine.app/Movie Me Mine";
			};
			name = Debug;
		};
		75F06E9B1B8F53B900F154C4 /* Release */ = {
			isa = XCBuildConfiguration;
			buildSettings = {
				BUNDLE_LOADER = "$(TEST_HOST)";
				INFOPLIST_FILE = "Movie Me MineTests/Info.plist";
				LD_RUNPATH_SEARCH_PATHS = "$(inherited) @executable_path/Frameworks @loader_path/Frameworks";
				PRODUCT_BUNDLE_IDENTIFIER = "com.optoro.Movie-Me-MineTests";
				PRODUCT_NAME = "$(TARGET_NAME)";
				TEST_HOST = "$(BUILT_PRODUCTS_DIR)/Movie Me Mine.app/Movie Me Mine";
			};
			name = Release;
		};
		75F06E9D1B8F53B900F154C4 /* Debug */ = {
			isa = XCBuildConfiguration;
			buildSettings = {
				INFOPLIST_FILE = "Movie Me MineUITests/Info.plist";
				LD_RUNPATH_SEARCH_PATHS = "$(inherited) @executable_path/Frameworks @loader_path/Frameworks";
				PRODUCT_BUNDLE_IDENTIFIER = "com.optoro.Movie-Me-MineUITests";
				PRODUCT_NAME = "$(TARGET_NAME)";
				TEST_TARGET_NAME = "Movie Me Mine";
				USES_XCTRUNNER = YES;
			};
			name = Debug;
		};
		75F06E9E1B8F53B900F154C4 /* Release */ = {
			isa = XCBuildConfiguration;
			buildSettings = {
				INFOPLIST_FILE = "Movie Me MineUITests/Info.plist";
				LD_RUNPATH_SEARCH_PATHS = "$(inherited) @executable_path/Frameworks @loader_path/Frameworks";
				PRODUCT_BUNDLE_IDENTIFIER = "com.optoro.Movie-Me-MineUITests";
				PRODUCT_NAME = "$(TARGET_NAME)";
				TEST_TARGET_NAME = "Movie Me Mine";
				USES_XCTRUNNER = YES;
			};
			name = Release;
		};
/* End XCBuildConfiguration section */

/* Begin XCConfigurationList section */
		75F06E691B8F53B900F154C4 /* Build configuration list for PBXProject "Movie Me Mine" */ = {
			isa = XCConfigurationList;
			buildConfigurations = (
				75F06E941B8F53B900F154C4 /* Debug */,
				75F06E951B8F53B900F154C4 /* Release */,
			);
			defaultConfigurationIsVisible = 0;
			defaultConfigurationName = Release;
		};
		75F06E961B8F53B900F154C4 /* Build configuration list for PBXNativeTarget "Movie Me Mine" */ = {
			isa = XCConfigurationList;
			buildConfigurations = (
				75F06E971B8F53B900F154C4 /* Debug */,
				75F06E981B8F53B900F154C4 /* Release */,
			);
			defaultConfigurationIsVisible = 0;
			defaultConfigurationName = Release;
		};
		75F06E991B8F53B900F154C4 /* Build configuration list for PBXNativeTarget "Movie Me MineTests" */ = {
			isa = XCConfigurationList;
			buildConfigurations = (
				75F06E9A1B8F53B900F154C4 /* Debug */,
				75F06E9B1B8F53B900F154C4 /* Release */,
			);
			defaultConfigurationIsVisible = 0;
			defaultConfigurationName = Release;
		};
		75F06E9C1B8F53B900F154C4 /* Build configuration list for PBXNativeTarget "Movie Me MineUITests" */ = {
			isa = XCConfigurationList;
			buildConfigurations = (
				75F06E9D1B8F53B900F154C4 /* Debug */,
				75F06E9E1B8F53B900F154C4 /* Release */,
			);
			defaultConfigurationIsVisible = 0;
			defaultConfigurationName = Release;
		};
/* End XCConfigurationList section */
	};
	rootObject = 75F06E661B8F53B900F154C4 /* Project object */;
}
